// !$*UTF8*$!
{
	archiveVersion = 1;
	classes = {
	};
	objectVersion = 55;
	objects = {

/* Begin PBXBuildFile section */
		C027C60828BC4228008082E9 /* OboardingContainerViewController.swift in Sources */ = {isa = PBXBuildFile; fileRef = C027C60728BC4228008082E9 /* OboardingContainerViewController.swift */; };
		C027C60A28BC58ED008082E9 /* OnboardingViewController.swift in Sources */ = {isa = PBXBuildFile; fileRef = C027C60928BC58ED008082E9 /* OnboardingViewController.swift */; };
		C09D63C928C5A797003EE402 /* Dummy View Controller.swift in Sources */ = {isa = PBXBuildFile; fileRef = C09D63C828C5A797003EE402 /* Dummy View Controller.swift */; };
		C09D63CC28C5B059003EE402 /* LocalState.swift in Sources */ = {isa = PBXBuildFile; fileRef = C09D63CB28C5B059003EE402 /* LocalState.swift */; };
		C09D63CE28C82C58003EE402 /* UIVIewController + Utils.swift in Sources */ = {isa = PBXBuildFile; fileRef = C09D63CD28C82C58003EE402 /* UIVIewController + Utils.swift */; };
		C09D63D028C82E34003EE402 /* MainViewController.swift in Sources */ = {isa = PBXBuildFile; fileRef = C09D63CF28C82E34003EE402 /* MainViewController.swift */; };
		C09F895A287A2218008FBEBA /* AppDelegate.swift in Sources */ = {isa = PBXBuildFile; fileRef = C09F8959287A2218008FBEBA /* AppDelegate.swift */; };
		C09F895E287A2218008FBEBA /* LoginViewController.swift in Sources */ = {isa = PBXBuildFile; fileRef = C09F895D287A2218008FBEBA /* LoginViewController.swift */; };
		C09F8963287A221A008FBEBA /* Assets.xcassets in Resources */ = {isa = PBXBuildFile; fileRef = C09F8962287A221A008FBEBA /* Assets.xcassets */; };
		C09F8966287A221A008FBEBA /* LaunchScreen.storyboard in Resources */ = {isa = PBXBuildFile; fileRef = C09F8964287A221A008FBEBA /* LaunchScreen.storyboard */; };
		C09F8971287A2549008FBEBA /* LoginView.swift in Sources */ = {isa = PBXBuildFile; fileRef = C09F8970287A2549008FBEBA /* LoginView.swift */; };
/* End PBXBuildFile section */

/* Begin PBXFileReference section */
		C027C60728BC4228008082E9 /* OboardingContainerViewController.swift */ = {isa = PBXFileReference; lastKnownFileType = sourcecode.swift; path = OboardingContainerViewController.swift; sourceTree = "<group>"; };
		C027C60928BC58ED008082E9 /* OnboardingViewController.swift */ = {isa = PBXFileReference; lastKnownFileType = sourcecode.swift; path = OnboardingViewController.swift; sourceTree = "<group>"; };
		C09D63C828C5A797003EE402 /* Dummy View Controller.swift */ = {isa = PBXFileReference; lastKnownFileType = sourcecode.swift; path = "Dummy View Controller.swift"; sourceTree = "<group>"; };
		C09D63CB28C5B059003EE402 /* LocalState.swift */ = {isa = PBXFileReference; lastKnownFileType = sourcecode.swift; path = LocalState.swift; sourceTree = "<group>"; };
		C09D63CD28C82C58003EE402 /* UIVIewController + Utils.swift */ = {isa = PBXFileReference; lastKnownFileType = sourcecode.swift; path = "UIVIewController + Utils.swift"; sourceTree = "<group>"; };
		C09D63CF28C82E34003EE402 /* MainViewController.swift */ = {isa = PBXFileReference; lastKnownFileType = sourcecode.swift; path = MainViewController.swift; sourceTree = "<group>"; };
		C09F8956287A2218008FBEBA /* Bankey.app */ = {isa = PBXFileReference; explicitFileType = wrapper.application; includeInIndex = 0; path = Bankey.app; sourceTree = BUILT_PRODUCTS_DIR; };
		C09F8959287A2218008FBEBA /* AppDelegate.swift */ = {isa = PBXFileReference; lastKnownFileType = sourcecode.swift; path = AppDelegate.swift; sourceTree = "<group>"; };
		C09F895D287A2218008FBEBA /* LoginViewController.swift */ = {isa = PBXFileReference; lastKnownFileType = sourcecode.swift; path = LoginViewController.swift; sourceTree = "<group>"; };
		C09F8962287A221A008FBEBA /* Assets.xcassets */ = {isa = PBXFileReference; lastKnownFileType = folder.assetcatalog; path = Assets.xcassets; sourceTree = "<group>"; };
		C09F8965287A221A008FBEBA /* Base */ = {isa = PBXFileReference; lastKnownFileType = file.storyboard; name = Base; path = Base.lproj/LaunchScreen.storyboard; sourceTree = "<group>"; };
		C09F8967287A221A008FBEBA /* Info.plist */ = {isa = PBXFileReference; lastKnownFileType = text.plist.xml; path = Info.plist; sourceTree = "<group>"; };
		C09F8970287A2549008FBEBA /* LoginView.swift */ = {isa = PBXFileReference; lastKnownFileType = sourcecode.swift; path = LoginView.swift; sourceTree = "<group>"; };
/* End PBXFileReference section */

/* Begin PBXFrameworksBuildPhase section */
		C09F8953287A2218008FBEBA /* Frameworks */ = {
			isa = PBXFrameworksBuildPhase;
			buildActionMask = 2147483647;
			files = (
			);
			runOnlyForDeploymentPostprocessing = 0;
		};
/* End PBXFrameworksBuildPhase section */

/* Begin PBXGroup section */
		C027C60628BC41F3008082E9 /* Onboading */ = {
			isa = PBXGroup;
			children = (
				C027C60728BC4228008082E9 /* OboardingContainerViewController.swift */,
				C027C60928BC58ED008082E9 /* OnboardingViewController.swift */,
			);
			path = Onboading;
			sourceTree = "<group>";
		};
		C09D63CA28C5B043003EE402 /* Utils */ = {
			isa = PBXGroup;
			children = (
				C09D63CB28C5B059003EE402 /* LocalState.swift */,
				C09D63CD28C82C58003EE402 /* UIVIewController + Utils.swift */,
			);
			path = Utils;
			sourceTree = "<group>";
		};
		C09F894D287A2218008FBEBA = {
			isa = PBXGroup;
			children = (
				C09F8958287A2218008FBEBA /* Bankey */,
				C09F8957287A2218008FBEBA /* Products */,
			);
			sourceTree = "<group>";
		};
		C09F8957287A2218008FBEBA /* Products */ = {
			isa = PBXGroup;
			children = (
				C09F8956287A2218008FBEBA /* Bankey.app */,
			);
			name = Products;
			sourceTree = "<group>";
		};
		C09F8958287A2218008FBEBA /* Bankey */ = {
			isa = PBXGroup;
			children = (
				C09F8959287A2218008FBEBA /* AppDelegate.swift */,
				C09F896F287A251A008FBEBA /* Login */,
				C027C60628BC41F3008082E9 /* Onboading */,
				C09D63CA28C5B043003EE402 /* Utils */,
				C09F896E287A24DE008FBEBA /* Files */,
				C09D63CF28C82E34003EE402 /* MainViewController.swift */,
			);
			path = Bankey;
			sourceTree = "<group>";
		};
		C09F896E287A24DE008FBEBA /* Files */ = {
			isa = PBXGroup;
			children = (
				C09F8962287A221A008FBEBA /* Assets.xcassets */,
				C09F8964287A221A008FBEBA /* LaunchScreen.storyboard */,
				C09F8967287A221A008FBEBA /* Info.plist */,
			);
			name = Files;
			sourceTree = "<group>";
		};
		C09F896F287A251A008FBEBA /* Login */ = {
			isa = PBXGroup;
			children = (
				C09F8970287A2549008FBEBA /* LoginView.swift */,
				C09F895D287A2218008FBEBA /* LoginViewController.swift */,
				C09D63C828C5A797003EE402 /* Dummy View Controller.swift */,
			);
			path = Login;
			sourceTree = "<group>";
		};
/* End PBXGroup section */

/* Begin PBXNativeTarget section */
		C09F8955287A2218008FBEBA /* Bankey */ = {
			isa = PBXNativeTarget;
			buildConfigurationList = C09F896A287A221A008FBEBA /* Build configuration list for PBXNativeTarget "Bankey" */;
			buildPhases = (
				C09F8952287A2218008FBEBA /* Sources */,
				C09F8953287A2218008FBEBA /* Frameworks */,
				C09F8954287A2218008FBEBA /* Resources */,
			);
			buildRules = (
			);
			dependencies = (
			);
			name = Bankey;
			productName = Bankey;
			productReference = C09F8956287A2218008FBEBA /* Bankey.app */;
			productType = "com.apple.product-type.application";
		};
/* End PBXNativeTarget section */

/* Begin PBXProject section */
		C09F894E287A2218008FBEBA /* Project object */ = {
			isa = PBXProject;
			attributes = {
				BuildIndependentTargetsInParallel = 1;
				LastSwiftUpdateCheck = 1340;
				LastUpgradeCheck = 1340;
				TargetAttributes = {
					C09F8955287A2218008FBEBA = {
						CreatedOnToolsVersion = 13.4.1;
					};
				};
			};
			buildConfigurationList = C09F8951287A2218008FBEBA /* Build configuration list for PBXProject "Bankey" */;
			compatibilityVersion = "Xcode 13.0";
			developmentRegion = en;
			hasScannedForEncodings = 0;
			knownRegions = (
				en,
				Base,
			);
			mainGroup = C09F894D287A2218008FBEBA;
			productRefGroup = C09F8957287A2218008FBEBA /* Products */;
			projectDirPath = "";
			projectRoot = "";
			targets = (
				C09F8955287A2218008FBEBA /* Bankey */,
			);
		};
/* End PBXProject section */

/* Begin PBXResourcesBuildPhase section */
		C09F8954287A2218008FBEBA /* Resources */ = {
			isa = PBXResourcesBuildPhase;
			buildActionMask = 2147483647;
			files = (
				C09F8966287A221A008FBEBA /* LaunchScreen.storyboard in Resources */,
				C09F8963287A221A008FBEBA /* Assets.xcassets in Resources */,
			);
			runOnlyForDeploymentPostprocessing = 0;
		};
/* End PBXResourcesBuildPhase section */

/* Begin PBXSourcesBuildPhase section */
		C09F8952287A2218008FBEBA /* Sources */ = {
			isa = PBXSourcesBuildPhase;
			buildActionMask = 2147483647;
			files = (
				C027C60828BC4228008082E9 /* OboardingContainerViewController.swift in Sources */,
				C09D63CC28C5B059003EE402 /* LocalState.swift in Sources */,
				C09D63CE28C82C58003EE402 /* UIVIewController + Utils.swift in Sources */,
				C09D63C928C5A797003EE402 /* Dummy View Controller.swift in Sources */,
				C09F8971287A2549008FBEBA /* LoginView.swift in Sources */,
				C027C60A28BC58ED008082E9 /* OnboardingViewController.swift in Sources */,
				C09D63D028C82E34003EE402 /* MainViewController.swift in Sources */,
				C09F895E287A2218008FBEBA /* LoginViewController.swift in Sources */,
				C09F895A287A2218008FBEBA /* AppDelegate.swift in Sources */,
			);
			runOnlyForDeploymentPostprocessing = 0;
		};
/* End PBXSourcesBuildPhase section */

/* Begin PBXVariantGroup section */
		C09F8964287A221A008FBEBA /* LaunchScreen.storyboard */ = {
			isa = PBXVariantGroup;
			children = (
				C09F8965287A221A008FBEBA /* Base */,
			);
			name = LaunchScreen.storyboard;
			sourceTree = "<group>";
		};
/* End PBXVariantGroup section */

/* Begin XCBuildConfiguration section */
		C09F8968287A221A008FBEBA /* Debug */ = {
			isa = XCBuildConfiguration;
			buildSettings = {
				ALWAYS_SEARCH_USER_PATHS = NO;
				CLANG_ANALYZER_NONNULL = YES;
				CLANG_ANALYZER_NUMBER_OBJECT_CONVERSION = YES_AGGRESSIVE;
				CLANG_CXX_LANGUAGE_STANDARD = "gnu++17";
				CLANG_ENABLE_MODULES = YES;
				CLANG_ENABLE_OBJC_ARC = YES;
				CLANG_ENABLE_OBJC_WEAK = YES;
				CLANG_WARN_BLOCK_CAPTURE_AUTORELEASING = YES;
				CLANG_WARN_BOOL_CONVERSION = YES;
				CLANG_WARN_COMMA = YES;
				CLANG_WARN_CONSTANT_CONVERSION = YES;
				CLANG_WARN_DEPRECATED_OBJC_IMPLEMENTATIONS = YES;
				CLANG_WARN_DIRECT_OBJC_ISA_USAGE = YES_ERROR;
				CLANG_WARN_DOCUMENTATION_COMMENTS = YES;
				CLANG_WARN_EMPTY_BODY = YES;
				CLANG_WARN_ENUM_CONVERSION = YES;
				CLANG_WARN_INFINITE_RECURSION = YES;
				CLANG_WARN_INT_CONVERSION = YES;
				CLANG_WARN_NON_LITERAL_NULL_CONVERSION = YES;
				CLANG_WARN_OBJC_IMPLICIT_RETAIN_SELF = YES;
				CLANG_WARN_OBJC_LITERAL_CONVERSION = YES;
				CLANG_WARN_OBJC_ROOT_CLASS = YES_ERROR;
				CLANG_WARN_QUOTED_INCLUDE_IN_FRAMEWORK_HEADER = YES;
				CLANG_WARN_RANGE_LOOP_ANALYSIS = YES;
				CLANG_WARN_STRICT_PROTOTYPES = YES;
				CLANG_WARN_SUSPICIOUS_MOVE = YES;
				CLANG_WARN_UNGUARDED_AVAILABILITY = YES_AGGRESSIVE;
				CLANG_WARN_UNREACHABLE_CODE = YES;
				CLANG_WARN__DUPLICATE_METHOD_MATCH = YES;
				COPY_PHASE_STRIP = NO;
				DEBUG_INFORMATION_FORMAT = dwarf;
				ENABLE_STRICT_OBJC_MSGSEND = YES;
				ENABLE_TESTABILITY = YES;
				GCC_C_LANGUAGE_STANDARD = gnu11;
				GCC_DYNAMIC_NO_PIC = NO;
				GCC_NO_COMMON_BLOCKS = YES;
				GCC_OPTIMIZATION_LEVEL = 0;
				GCC_PREPROCESSOR_DEFINITIONS = (
					"DEBUG=1",
					"$(inherited)",
				);
				GCC_WARN_64_TO_32_BIT_CONVERSION = YES;
				GCC_WARN_ABOUT_RETURN_TYPE = YES_ERROR;
				GCC_WARN_UNDECLARED_SELECTOR = YES;
				GCC_WARN_UNINITIALIZED_AUTOS = YES_AGGRESSIVE;
				GCC_WARN_UNUSED_FUNCTION = YES;
				GCC_WARN_UNUSED_VARIABLE = YES;
				IPHONEOS_DEPLOYMENT_TARGET = 15.5;
				MTL_ENABLE_DEBUG_INFO = INCLUDE_SOURCE;
				MTL_FAST_MATH = YES;
				ONLY_ACTIVE_ARCH = YES;
				SDKROOT = iphoneos;
				SWIFT_ACTIVE_COMPILATION_CONDITIONS = DEBUG;
				SWIFT_OPTIMIZATION_LEVEL = "-Onone";
			};
			name = Debug;
		};
		C09F8969287A221A008FBEBA /* Release */ = {
			isa = XCBuildConfiguration;
			buildSettings = {
				ALWAYS_SEARCH_USER_PATHS = NO;
				CLANG_ANALYZER_NONNULL = YES;
				CLANG_ANALYZER_NUMBER_OBJECT_CONVERSION = YES_AGGRESSIVE;
				CLANG_CXX_LANGUAGE_STANDARD = "gnu++17";
				CLANG_ENABLE_MODULES = YES;
				CLANG_ENABLE_OBJC_ARC = YES;
				CLANG_ENABLE_OBJC_WEAK = YES;
				CLANG_WARN_BLOCK_CAPTURE_AUTORELEASING = YES;
				CLANG_WARN_BOOL_CONVERSION = YES;
				CLANG_WARN_COMMA = YES;
				CLANG_WARN_CONSTANT_CONVERSION = YES;
				CLANG_WARN_DEPRECATED_OBJC_IMPLEMENTATIONS = YES;
				CLANG_WARN_DIRECT_OBJC_ISA_USAGE = YES_ERROR;
				CLANG_WARN_DOCUMENTATION_COMMENTS = YES;
				CLANG_WARN_EMPTY_BODY = YES;
				CLANG_WARN_ENUM_CONVERSION = YES;
				CLANG_WARN_INFINITE_RECURSION = YES;
				CLANG_WARN_INT_CONVERSION = YES;
				CLANG_WARN_NON_LITERAL_NULL_CONVERSION = YES;
				CLANG_WARN_OBJC_IMPLICIT_RETAIN_SELF = YES;
				CLANG_WARN_OBJC_LITERAL_CONVERSION = YES;
				CLANG_WARN_OBJC_ROOT_CLASS = YES_ERROR;
				CLANG_WARN_QUOTED_INCLUDE_IN_FRAMEWORK_HEADER = YES;
				CLANG_WARN_RANGE_LOOP_ANALYSIS = YES;
				CLANG_WARN_STRICT_PROTOTYPES = YES;
				CLANG_WARN_SUSPICIOUS_MOVE = YES;
				CLANG_WARN_UNGUARDED_AVAILABILITY = YES_AGGRESSIVE;
				CLANG_WARN_UNREACHABLE_CODE = YES;
				CLANG_WARN__DUPLICATE_METHOD_MATCH = YES;
				COPY_PHASE_STRIP = NO;
				DEBUG_INFORMATION_FORMAT = "dwarf-with-dsym";
				ENABLE_NS_ASSERTIONS = NO;
				ENABLE_STRICT_OBJC_MSGSEND = YES;
				GCC_C_LANGUAGE_STANDARD = gnu11;
				GCC_NO_COMMON_BLOCKS = YES;
				GCC_WARN_64_TO_32_BIT_CONVERSION = YES;
				GCC_WARN_ABOUT_RETURN_TYPE = YES_ERROR;
				GCC_WARN_UNDECLARED_SELECTOR = YES;
				GCC_WARN_UNINITIALIZED_AUTOS = YES_AGGRESSIVE;
				GCC_WARN_UNUSED_FUNCTION = YES;
				GCC_WARN_UNUSED_VARIABLE = YES;
				IPHONEOS_DEPLOYMENT_TARGET = 15.5;
				MTL_ENABLE_DEBUG_INFO = NO;
				MTL_FAST_MATH = YES;
				SDKROOT = iphoneos;
				SWIFT_COMPILATION_MODE = wholemodule;
				SWIFT_OPTIMIZATION_LEVEL = "-O";
				VALIDATE_PRODUCT = YES;
			};
			name = Release;
		};
		C09F896B287A221A008FBEBA /* Debug */ = {
			isa = XCBuildConfiguration;
			buildSettings = {
				ASSETCATALOG_COMPILER_APPICON_NAME = AppIcon;
				ASSETCATALOG_COMPILER_GLOBAL_ACCENT_COLOR_NAME = AccentColor;
				CODE_SIGN_STYLE = Automatic;
				CURRENT_PROJECT_VERSION = 1;
				DEVELOPMENT_TEAM = 983DASAX74;
				GENERATE_INFOPLIST_FILE = YES;
				INFOPLIST_FILE = Bankey/Info.plist;
				INFOPLIST_KEY_UIApplicationSupportsIndirectInputEvents = YES;
				INFOPLIST_KEY_UILaunchStoryboardName = LaunchScreen;
				INFOPLIST_KEY_UISupportedInterfaceOrientations_iPad = "UIInterfaceOrientationPortrait UIInterfaceOrientationPortraitUpsideDown UIInterfaceOrientationLandscapeLeft UIInterfaceOrientationLandscapeRight";
				INFOPLIST_KEY_UISupportedInterfaceOrientations_iPhone = "UIInterfaceOrientationPortrait UIInterfaceOrientationLandscapeLeft UIInterfaceOrientationLandscapeRight";
				LD_RUNPATH_SEARCH_PATHS = (
					"$(inherited)",
					"@executable_path/Frameworks",
				);
				MARKETING_VERSION = 1.0;
				PRODUCT_BUNDLE_IDENTIFIER = RS.Bankey;
				PRODUCT_NAME = "$(TARGET_NAME)";
				SWIFT_EMIT_LOC_STRINGS = YES;
				SWIFT_VERSION = 5.0;
				TARGETED_DEVICE_FAMILY = "1,2";
			};
			name = Debug;
		};
		C09F896C287A221A008FBEBA /* Release */ = {
			isa = XCBuildConfiguration;
			buildSettings = {
				ASSETCATALOG_COMPILER_APPICON_NAME = AppIcon;
				ASSETCATALOG_COMPILER_GLOBAL_ACCENT_COLOR_NAME = AccentColor;
				CODE_SIGN_STYLE = Automatic;
				CURRENT_PROJECT_VERSION = 1;
				DEVELOPMENT_TEAM = 983DASAX74;
				GENERATE_INFOPLIST_FILE = YES;
				INFOPLIST_FILE = Bankey/Info.plist;
				INFOPLIST_KEY_UIApplicationSupportsIndirectInputEvents = YES;
				INFOPLIST_KEY_UILaunchStoryboardName = LaunchScreen;
				INFOPLIST_KEY_UISupportedInterfaceOrientations_iPad = "UIInterfaceOrientationPortrait UIInterfaceOrientationPortraitUpsideDown UIInterfaceOrientationLandscapeLeft UIInterfaceOrientationLandscapeRight";
				INFOPLIST_KEY_UISupportedInterfaceOrientations_iPhone = "UIInterfaceOrientationPortrait UIInterfaceOrientationLandscapeLeft UIInterfaceOrientationLandscapeRight";
				LD_RUNPATH_SEARCH_PATHS = (
					"$(inherited)",
					"@executable_path/Frameworks",
				);
				MARKETING_VERSION = 1.0;
				PRODUCT_BUNDLE_IDENTIFIER = RS.Bankey;
				PRODUCT_NAME = "$(TARGET_NAME)";
				SWIFT_EMIT_LOC_STRINGS = YES;
				SWIFT_VERSION = 5.0;
				TARGETED_DEVICE_FAMILY = "1,2";
			};
			name = Release;
		};
/* End XCBuildConfiguration section */

/* Begin XCConfigurationList section */
		C09F8951287A2218008FBEBA /* Build configuration list for PBXProject "Bankey" */ = {
			isa = XCConfigurationList;
			buildConfigurations = (
				C09F8968287A221A008FBEBA /* Debug */,
				C09F8969287A221A008FBEBA /* Release */,
			);
			defaultConfigurationIsVisible = 0;
			defaultConfigurationName = Release;
		};
		C09F896A287A221A008FBEBA /* Build configuration list for PBXNativeTarget "Bankey" */ = {
			isa = XCConfigurationList;
			buildConfigurations = (
				C09F896B287A221A008FBEBA /* Debug */,
				C09F896C287A221A008FBEBA /* Release */,
			);
			defaultConfigurationIsVisible = 0;
			defaultConfigurationName = Release;
		};
/* End XCConfigurationList section */
	};
	rootObject = C09F894E287A2218008FBEBA /* Project object */;
}
